
Microsoft Visual Studio Solution File, Format Version 12.00
# Visual Studio 2013
VisualStudioVersion = 12.0.21005.1
MinimumVisualStudioVersion = 10.0.40219.1
Project("{FAE04EC0-301F-11D3-BF4B-00C04F79EFBC}") = "Supervisor", "Supervisor\Supervisor.csproj", "{127419EA-94EE-46B2-95E0-D7F99AB51ADA}"
EndProject
Project("{FAE04EC0-301F-11D3-BF4B-00C04F79EFBC}") = "Logica", "Logica\Logica.csproj", "{92343CF9-70F6-42F0-AF90-55888CC7C759}"
EndProject
Project("{FAE04EC0-301F-11D3-BF4B-00C04F79EFBC}") = "Datos", "Datos\Datos.csproj", "{EA1165EF-497D-4D37-90B3-B1D5A914FB3B}"
EndProject
Global
	GlobalSection(SolutionConfigurationPlatforms) = preSolution
		Debug|Any CPU = Debug|Any CPU
		Release|Any CPU = Release|Any CPU
	EndGlobalSection
	GlobalSection(ProjectConfigurationPlatforms) = postSolution
		{127419EA-94EE-46B2-95E0-D7F99AB51ADA}.Debug|Any CPU.ActiveCfg = Debug|Any CPU
		{127419EA-94EE-46B2-95E0-D7F99AB51ADA}.Debug|Any CPU.Build.0 = Debug|Any CPU
		{127419EA-94EE-46B2-95E0-D7F99AB51ADA}.Release|Any CPU.ActiveCfg = Release|Any CPU
		{127419EA-94EE-46B2-95E0-D7F99AB51ADA}.Release|Any CPU.Build.0 = Release|Any CPU
		{92343CF9-70F6-42F0-AF90-55888CC7C759}.Debug|Any CPU.ActiveCfg = Debug|Any CPU
		{92343CF9-70F6-42F0-AF90-55888CC7C759}.Debug|Any CPU.Build.0 = Debug|Any CPU
		{92343CF9-70F6-42F0-AF90-55888CC7C759}.Release|Any CPU.ActiveCfg = Release|Any CPU
		{92343CF9-70F6-42F0-AF90-55888CC7C759}.Release|Any CPU.Build.0 = Release|Any CPU
		{EA1165EF-497D-4D37-90B3-B1D5A914FB3B}.Debug|Any CPU.ActiveCfg = Debug|Any CPU
		{EA1165EF-497D-4D37-90B3-B1D5A914FB3B}.Debug|Any CPU.Build.0 = Debug|Any CPU
		{EA1165EF-497D-4D37-90B3-B1D5A914FB3B}.Release|Any CPU.ActiveCfg = Release|Any CPU
		{EA1165EF-497D-4D37-90B3-B1D5A914FB3B}.Release|Any CPU.Build.0 = Release|Any CPU
	EndGlobalSection
	GlobalSection(SolutionProperties) = preSolution
		HideSolutionNode = FALSE
	EndGlobalSection
EndGlobal
